
Microsoft Visual Studio Solution File, Format Version 12.00
# Visual Studio Version 16
VisualStudioVersion = 25.0.1705.4
MinimumVisualStudioVersion = 10.0.40219.1
Project("{FAE04EC0-301F-11D3-BF4B-00C04F79EFBC}") = "SelectionStatementsExercise2", "SelectionStatementsExercise2.csproj", "{9FE40D61-CCCF-457F-B4A7-BFE6DF0C7159}"
EndProject
Global
	GlobalSection(SolutionConfigurationPlatforms) = preSolution
		Debug|Any CPU = Debug|Any CPU
		Release|Any CPU = Release|Any CPU
	EndGlobalSection
	GlobalSection(ProjectConfigurationPlatforms) = postSolution
		{9FE40D61-CCCF-457F-B4A7-BFE6DF0C7159}.Debug|Any CPU.ActiveCfg = Debug|Any CPU
		{9FE40D61-CCCF-457F-B4A7-BFE6DF0C7159}.Debug|Any CPU.Build.0 = Debug|Any CPU
		{9FE40D61-CCCF-457F-B4A7-BFE6DF0C7159}.Release|Any CPU.ActiveCfg = Release|Any CPU
		{9FE40D61-CCCF-457F-B4A7-BFE6DF0C7159}.Release|Any CPU.Build.0 = Release|Any CPU
	EndGlobalSection
	GlobalSection(SolutionProperties) = preSolution
		HideSolutionNode = FALSE
	EndGlobalSection
	GlobalSection(ExtensibilityGlobals) = postSolution
		SolutionGuid = {461AC735-70A1-4C2B-9EB3-A6893B3655B3}
	EndGlobalSection
EndGlobal
